
Microsoft Visual Studio Solution File, Format Version 12.00
# Visual Studio Version 17
VisualStudioVersion = 17.9.34728.123
MinimumVisualStudioVersion = 10.0.40219.1
Project("{FAE04EC0-301F-11D3-BF4B-00C04F79EFBC}") = "Exercício 11", "Exercício 11\Exercício 11.csproj", "{0DCDBA4A-1996-4F79-A1C8-56B1FD1BC64A}"
EndProject
Global
	GlobalSection(SolutionConfigurationPlatforms) = preSolution
		Debug|Any CPU = Debug|Any CPU
		Release|Any CPU = Release|Any CPU
	EndGlobalSection
	GlobalSection(ProjectConfigurationPlatforms) = postSolution
		{0DCDBA4A-1996-4F79-A1C8-56B1FD1BC64A}.Debug|Any CPU.ActiveCfg = Debug|Any CPU
		{0DCDBA4A-1996-4F79-A1C8-56B1FD1BC64A}.Debug|Any CPU.Build.0 = Debug|Any CPU
		{0DCDBA4A-1996-4F79-A1C8-56B1FD1BC64A}.Release|Any CPU.ActiveCfg = Release|Any CPU
		{0DCDBA4A-1996-4F79-A1C8-56B1FD1BC64A}.Release|Any CPU.Build.0 = Release|Any CPU
	EndGlobalSection
	GlobalSection(SolutionProperties) = preSolution
		HideSolutionNode = FALSE
	EndGlobalSection
	GlobalSection(ExtensibilityGlobals) = postSolution
		SolutionGuid = {D24B6138-B863-4431-A72B-DA215A850E62}
	EndGlobalSection
EndGlobal
