
Microsoft Visual Studio Solution File, Format Version 12.00
# Visual Studio Version 17
VisualStudioVersion = 17.9.34616.47
MinimumVisualStudioVersion = 10.0.40219.1
Project("{FAE04EC0-301F-11D3-BF4B-00C04F79EFBC}") = "Exercício 3", "Exercício 3\Exercício 3.csproj", "{24AE995A-15AC-4CCC-AC0A-9293704C51BB}"
EndProject
Global
	GlobalSection(SolutionConfigurationPlatforms) = preSolution
		Debug|Any CPU = Debug|Any CPU
		Release|Any CPU = Release|Any CPU
	EndGlobalSection
	GlobalSection(ProjectConfigurationPlatforms) = postSolution
		{24AE995A-15AC-4CCC-AC0A-9293704C51BB}.Debug|Any CPU.ActiveCfg = Debug|Any CPU
		{24AE995A-15AC-4CCC-AC0A-9293704C51BB}.Debug|Any CPU.Build.0 = Debug|Any CPU
		{24AE995A-15AC-4CCC-AC0A-9293704C51BB}.Release|Any CPU.ActiveCfg = Release|Any CPU
		{24AE995A-15AC-4CCC-AC0A-9293704C51BB}.Release|Any CPU.Build.0 = Release|Any CPU
	EndGlobalSection
	GlobalSection(SolutionProperties) = preSolution
		HideSolutionNode = FALSE
	EndGlobalSection
	GlobalSection(ExtensibilityGlobals) = postSolution
		SolutionGuid = {2CE4894F-5CBD-4D48-BD50-F7E955E29F7A}
	EndGlobalSection
EndGlobal
