
Microsoft Visual Studio Solution File, Format Version 12.00
# Visual Studio Version 17
VisualStudioVersion = 17.9.34728.123
MinimumVisualStudioVersion = 10.0.40219.1
Project("{FAE04EC0-301F-11D3-BF4B-00C04F79EFBC}") = "Exercício 9", "Exercício 9\Exercício 9.csproj", "{C16E8057-BE1E-442D-8332-0CF44C7C8BB1}"
EndProject
Global
	GlobalSection(SolutionConfigurationPlatforms) = preSolution
		Debug|Any CPU = Debug|Any CPU
		Release|Any CPU = Release|Any CPU
	EndGlobalSection
	GlobalSection(ProjectConfigurationPlatforms) = postSolution
		{C16E8057-BE1E-442D-8332-0CF44C7C8BB1}.Debug|Any CPU.ActiveCfg = Debug|Any CPU
		{C16E8057-BE1E-442D-8332-0CF44C7C8BB1}.Debug|Any CPU.Build.0 = Debug|Any CPU
		{C16E8057-BE1E-442D-8332-0CF44C7C8BB1}.Release|Any CPU.ActiveCfg = Release|Any CPU
		{C16E8057-BE1E-442D-8332-0CF44C7C8BB1}.Release|Any CPU.Build.0 = Release|Any CPU
	EndGlobalSection
	GlobalSection(SolutionProperties) = preSolution
		HideSolutionNode = FALSE
	EndGlobalSection
	GlobalSection(ExtensibilityGlobals) = postSolution
		SolutionGuid = {4E028794-DE85-45F5-84DE-81C0F1B0522E}
	EndGlobalSection
EndGlobal
