
Microsoft Visual Studio Solution File, Format Version 12.00
# Visual Studio Version 17
VisualStudioVersion = 17.9.34728.123
MinimumVisualStudioVersion = 10.0.40219.1
Project("{FAE04EC0-301F-11D3-BF4B-00C04F79EFBC}") = "Exercício 1", "Exercício 1\Exercício 1.csproj", "{1EEDFD45-44E9-45B5-9F47-0E6A6FDD984F}"
EndProject
Global
	GlobalSection(SolutionConfigurationPlatforms) = preSolution
		Debug|Any CPU = Debug|Any CPU
		Release|Any CPU = Release|Any CPU
	EndGlobalSection
	GlobalSection(ProjectConfigurationPlatforms) = postSolution
		{1EEDFD45-44E9-45B5-9F47-0E6A6FDD984F}.Debug|Any CPU.ActiveCfg = Debug|Any CPU
		{1EEDFD45-44E9-45B5-9F47-0E6A6FDD984F}.Debug|Any CPU.Build.0 = Debug|Any CPU
		{1EEDFD45-44E9-45B5-9F47-0E6A6FDD984F}.Release|Any CPU.ActiveCfg = Release|Any CPU
		{1EEDFD45-44E9-45B5-9F47-0E6A6FDD984F}.Release|Any CPU.Build.0 = Release|Any CPU
	EndGlobalSection
	GlobalSection(SolutionProperties) = preSolution
		HideSolutionNode = FALSE
	EndGlobalSection
	GlobalSection(ExtensibilityGlobals) = postSolution
		SolutionGuid = {38E4914B-0E7E-4BDB-A2C6-2F3ADF3944B1}
	EndGlobalSection
EndGlobal
