
Microsoft Visual Studio Solution File, Format Version 12.00
# Visual Studio Version 16
VisualStudioVersion = 16.0.34301.259
MinimumVisualStudioVersion = 10.0.40219.1
Project("{FAE04EC0-301F-11D3-BF4B-00C04F79EFBC}") = "Exercício 2", "Exercício 2\Exercício 2.csproj", "{3A3FCC99-0222-4B47-A15E-8696D20E80CC}"
EndProject
Global
	GlobalSection(SolutionConfigurationPlatforms) = preSolution
		Debug|Any CPU = Debug|Any CPU
		Release|Any CPU = Release|Any CPU
	EndGlobalSection
	GlobalSection(ProjectConfigurationPlatforms) = postSolution
		{3A3FCC99-0222-4B47-A15E-8696D20E80CC}.Debug|Any CPU.ActiveCfg = Debug|Any CPU
		{3A3FCC99-0222-4B47-A15E-8696D20E80CC}.Debug|Any CPU.Build.0 = Debug|Any CPU
		{3A3FCC99-0222-4B47-A15E-8696D20E80CC}.Release|Any CPU.ActiveCfg = Release|Any CPU
		{3A3FCC99-0222-4B47-A15E-8696D20E80CC}.Release|Any CPU.Build.0 = Release|Any CPU
	EndGlobalSection
	GlobalSection(SolutionProperties) = preSolution
		HideSolutionNode = FALSE
	EndGlobalSection
	GlobalSection(ExtensibilityGlobals) = postSolution
		SolutionGuid = {09B8EA9B-C073-4D97-9713-01575FD91E27}
	EndGlobalSection
EndGlobal
