
Microsoft Visual Studio Solution File, Format Version 12.00
# Visual Studio Version 17
VisualStudioVersion = 17.9.34728.123
MinimumVisualStudioVersion = 10.0.40219.1
Project("{FAE04EC0-301F-11D3-BF4B-00C04F79EFBC}") = "Exercício 8", "Exercício 8\Exercício 8.csproj", "{0ECC334D-E375-430F-8DF2-B9C04076740B}"
EndProject
Global
	GlobalSection(SolutionConfigurationPlatforms) = preSolution
		Debug|Any CPU = Debug|Any CPU
		Release|Any CPU = Release|Any CPU
	EndGlobalSection
	GlobalSection(ProjectConfigurationPlatforms) = postSolution
		{0ECC334D-E375-430F-8DF2-B9C04076740B}.Debug|Any CPU.ActiveCfg = Debug|Any CPU
		{0ECC334D-E375-430F-8DF2-B9C04076740B}.Debug|Any CPU.Build.0 = Debug|Any CPU
		{0ECC334D-E375-430F-8DF2-B9C04076740B}.Release|Any CPU.ActiveCfg = Release|Any CPU
		{0ECC334D-E375-430F-8DF2-B9C04076740B}.Release|Any CPU.Build.0 = Release|Any CPU
	EndGlobalSection
	GlobalSection(SolutionProperties) = preSolution
		HideSolutionNode = FALSE
	EndGlobalSection
	GlobalSection(ExtensibilityGlobals) = postSolution
		SolutionGuid = {3DEBB969-3BD1-4CA5-9896-23DD3301F994}
	EndGlobalSection
EndGlobal
