
Microsoft Visual Studio Solution File, Format Version 12.00
# Visual Studio Version 17
VisualStudioVersion = 17.9.34616.47
MinimumVisualStudioVersion = 10.0.40219.1
Project("{FAE04EC0-301F-11D3-BF4B-00C04F79EFBC}") = "Exercício 6", "Exercício 6\Exercício 6.csproj", "{4BC7A190-6986-4CE3-BB66-FBF711BB945D}"
EndProject
Global
	GlobalSection(SolutionConfigurationPlatforms) = preSolution
		Debug|Any CPU = Debug|Any CPU
		Release|Any CPU = Release|Any CPU
	EndGlobalSection
	GlobalSection(ProjectConfigurationPlatforms) = postSolution
		{4BC7A190-6986-4CE3-BB66-FBF711BB945D}.Debug|Any CPU.ActiveCfg = Debug|Any CPU
		{4BC7A190-6986-4CE3-BB66-FBF711BB945D}.Debug|Any CPU.Build.0 = Debug|Any CPU
		{4BC7A190-6986-4CE3-BB66-FBF711BB945D}.Release|Any CPU.ActiveCfg = Release|Any CPU
		{4BC7A190-6986-4CE3-BB66-FBF711BB945D}.Release|Any CPU.Build.0 = Release|Any CPU
	EndGlobalSection
	GlobalSection(SolutionProperties) = preSolution
		HideSolutionNode = FALSE
	EndGlobalSection
	GlobalSection(ExtensibilityGlobals) = postSolution
		SolutionGuid = {037B53B4-E62C-439A-9AC7-D4CCE20F1AD9}
	EndGlobalSection
EndGlobal
