
Microsoft Visual Studio Solution File, Format Version 12.00
# Visual Studio Version 16
VisualStudioVersion = 16.0.34301.259
MinimumVisualStudioVersion = 10.0.40219.1
Project("{FAE04EC0-301F-11D3-BF4B-00C04F79EFBC}") = "Exercício 4", "Exercício 4\Exercício 4.csproj", "{49935C6A-3CAF-4952-AFF3-7A491FCF66E6}"
EndProject
Global
	GlobalSection(SolutionConfigurationPlatforms) = preSolution
		Debug|Any CPU = Debug|Any CPU
		Release|Any CPU = Release|Any CPU
	EndGlobalSection
	GlobalSection(ProjectConfigurationPlatforms) = postSolution
		{49935C6A-3CAF-4952-AFF3-7A491FCF66E6}.Debug|Any CPU.ActiveCfg = Debug|Any CPU
		{49935C6A-3CAF-4952-AFF3-7A491FCF66E6}.Debug|Any CPU.Build.0 = Debug|Any CPU
		{49935C6A-3CAF-4952-AFF3-7A491FCF66E6}.Release|Any CPU.ActiveCfg = Release|Any CPU
		{49935C6A-3CAF-4952-AFF3-7A491FCF66E6}.Release|Any CPU.Build.0 = Release|Any CPU
	EndGlobalSection
	GlobalSection(SolutionProperties) = preSolution
		HideSolutionNode = FALSE
	EndGlobalSection
	GlobalSection(ExtensibilityGlobals) = postSolution
		SolutionGuid = {E74E60BE-D760-4DE3-B96B-BC13B53886A6}
	EndGlobalSection
EndGlobal
