
Microsoft Visual Studio Solution File, Format Version 12.00
# Visual Studio Version 17
VisualStudioVersion = 17.9.34616.47
MinimumVisualStudioVersion = 10.0.40219.1
Project("{FAE04EC0-301F-11D3-BF4B-00C04F79EFBC}") = "Exercício 4", "Exercício 4\Exercício 4.csproj", "{364E95CE-06D2-4E3D-8A70-9E71434F2141}"
EndProject
Global
	GlobalSection(SolutionConfigurationPlatforms) = preSolution
		Debug|Any CPU = Debug|Any CPU
		Release|Any CPU = Release|Any CPU
	EndGlobalSection
	GlobalSection(ProjectConfigurationPlatforms) = postSolution
		{364E95CE-06D2-4E3D-8A70-9E71434F2141}.Debug|Any CPU.ActiveCfg = Debug|Any CPU
		{364E95CE-06D2-4E3D-8A70-9E71434F2141}.Debug|Any CPU.Build.0 = Debug|Any CPU
		{364E95CE-06D2-4E3D-8A70-9E71434F2141}.Release|Any CPU.ActiveCfg = Release|Any CPU
		{364E95CE-06D2-4E3D-8A70-9E71434F2141}.Release|Any CPU.Build.0 = Release|Any CPU
	EndGlobalSection
	GlobalSection(SolutionProperties) = preSolution
		HideSolutionNode = FALSE
	EndGlobalSection
	GlobalSection(ExtensibilityGlobals) = postSolution
		SolutionGuid = {53774C81-8BF7-41D6-AB93-C2D0C414C152}
	EndGlobalSection
EndGlobal
