
Microsoft Visual Studio Solution File, Format Version 12.00
# Visual Studio Version 17
VisualStudioVersion = 17.9.34728.123
MinimumVisualStudioVersion = 10.0.40219.1
Project("{FAE04EC0-301F-11D3-BF4B-00C04F79EFBC}") = "Exercício 3", "Exercício 3\Exercício 3.csproj", "{05B6C83A-B02F-469C-9E41-2C9F18BCAF26}"
EndProject
Global
	GlobalSection(SolutionConfigurationPlatforms) = preSolution
		Debug|Any CPU = Debug|Any CPU
		Release|Any CPU = Release|Any CPU
	EndGlobalSection
	GlobalSection(ProjectConfigurationPlatforms) = postSolution
		{05B6C83A-B02F-469C-9E41-2C9F18BCAF26}.Debug|Any CPU.ActiveCfg = Debug|Any CPU
		{05B6C83A-B02F-469C-9E41-2C9F18BCAF26}.Debug|Any CPU.Build.0 = Debug|Any CPU
		{05B6C83A-B02F-469C-9E41-2C9F18BCAF26}.Release|Any CPU.ActiveCfg = Release|Any CPU
		{05B6C83A-B02F-469C-9E41-2C9F18BCAF26}.Release|Any CPU.Build.0 = Release|Any CPU
	EndGlobalSection
	GlobalSection(SolutionProperties) = preSolution
		HideSolutionNode = FALSE
	EndGlobalSection
	GlobalSection(ExtensibilityGlobals) = postSolution
		SolutionGuid = {349FFBE3-01A1-46BC-817B-36C25B148C87}
	EndGlobalSection
EndGlobal
