
Microsoft Visual Studio Solution File, Format Version 12.00
# Visual Studio Version 17
VisualStudioVersion = 17.9.34616.47
MinimumVisualStudioVersion = 10.0.40219.1
Project("{FAE04EC0-301F-11D3-BF4B-00C04F79EFBC}") = "Exercício 1", "Exercício 1\Exercício 1.csproj", "{4F1B6BF1-15F2-4B6A-A6AE-44732105A3E6}"
EndProject
Global
	GlobalSection(SolutionConfigurationPlatforms) = preSolution
		Debug|Any CPU = Debug|Any CPU
		Release|Any CPU = Release|Any CPU
	EndGlobalSection
	GlobalSection(ProjectConfigurationPlatforms) = postSolution
		{4F1B6BF1-15F2-4B6A-A6AE-44732105A3E6}.Debug|Any CPU.ActiveCfg = Debug|Any CPU
		{4F1B6BF1-15F2-4B6A-A6AE-44732105A3E6}.Debug|Any CPU.Build.0 = Debug|Any CPU
		{4F1B6BF1-15F2-4B6A-A6AE-44732105A3E6}.Release|Any CPU.ActiveCfg = Release|Any CPU
		{4F1B6BF1-15F2-4B6A-A6AE-44732105A3E6}.Release|Any CPU.Build.0 = Release|Any CPU
	EndGlobalSection
	GlobalSection(SolutionProperties) = preSolution
		HideSolutionNode = FALSE
	EndGlobalSection
	GlobalSection(ExtensibilityGlobals) = postSolution
		SolutionGuid = {DB5833A6-B33F-4BAF-9712-86AB2F819E46}
	EndGlobalSection
EndGlobal
