
Microsoft Visual Studio Solution File, Format Version 12.00
# Visual Studio Version 17
VisualStudioVersion = 17.9.34616.47
MinimumVisualStudioVersion = 10.0.40219.1
Project("{FAE04EC0-301F-11D3-BF4B-00C04F79EFBC}") = "Exercício 7", "Exercício 7\Exercício 7.csproj", "{E3C85EAC-0245-43D5-AE36-7FC90770D1D9}"
EndProject
Global
	GlobalSection(SolutionConfigurationPlatforms) = preSolution
		Debug|Any CPU = Debug|Any CPU
		Release|Any CPU = Release|Any CPU
	EndGlobalSection
	GlobalSection(ProjectConfigurationPlatforms) = postSolution
		{E3C85EAC-0245-43D5-AE36-7FC90770D1D9}.Debug|Any CPU.ActiveCfg = Debug|Any CPU
		{E3C85EAC-0245-43D5-AE36-7FC90770D1D9}.Debug|Any CPU.Build.0 = Debug|Any CPU
		{E3C85EAC-0245-43D5-AE36-7FC90770D1D9}.Release|Any CPU.ActiveCfg = Release|Any CPU
		{E3C85EAC-0245-43D5-AE36-7FC90770D1D9}.Release|Any CPU.Build.0 = Release|Any CPU
	EndGlobalSection
	GlobalSection(SolutionProperties) = preSolution
		HideSolutionNode = FALSE
	EndGlobalSection
	GlobalSection(ExtensibilityGlobals) = postSolution
		SolutionGuid = {D5E02C84-727D-4D59-AF4E-6CAFBC9C18A1}
	EndGlobalSection
EndGlobal
