
Microsoft Visual Studio Solution File, Format Version 12.00
# Visual Studio Version 17
VisualStudioVersion = 17.9.34728.123
MinimumVisualStudioVersion = 10.0.40219.1
Project("{FAE04EC0-301F-11D3-BF4B-00C04F79EFBC}") = "Exercício 8", "Exercício 8\Exercício 8.csproj", "{7FB42289-1E0C-44E8-B649-CFD8C9B815C1}"
EndProject
Global
	GlobalSection(SolutionConfigurationPlatforms) = preSolution
		Debug|Any CPU = Debug|Any CPU
		Release|Any CPU = Release|Any CPU
	EndGlobalSection
	GlobalSection(ProjectConfigurationPlatforms) = postSolution
		{7FB42289-1E0C-44E8-B649-CFD8C9B815C1}.Debug|Any CPU.ActiveCfg = Debug|Any CPU
		{7FB42289-1E0C-44E8-B649-CFD8C9B815C1}.Debug|Any CPU.Build.0 = Debug|Any CPU
		{7FB42289-1E0C-44E8-B649-CFD8C9B815C1}.Release|Any CPU.ActiveCfg = Release|Any CPU
		{7FB42289-1E0C-44E8-B649-CFD8C9B815C1}.Release|Any CPU.Build.0 = Release|Any CPU
	EndGlobalSection
	GlobalSection(SolutionProperties) = preSolution
		HideSolutionNode = FALSE
	EndGlobalSection
	GlobalSection(ExtensibilityGlobals) = postSolution
		SolutionGuid = {7D1D8D6B-C19E-43A8-A523-909C567CAFF5}
	EndGlobalSection
EndGlobal
