
Microsoft Visual Studio Solution File, Format Version 12.00
# Visual Studio Version 17
VisualStudioVersion = 17.9.34616.47
MinimumVisualStudioVersion = 10.0.40219.1
Project("{FAE04EC0-301F-11D3-BF4B-00C04F79EFBC}") = "Exercício 7", "Exercício 7\Exercício 7.csproj", "{EA412218-D1DA-4CB9-9FBE-BF48DDBDE6F7}"
EndProject
Global
	GlobalSection(SolutionConfigurationPlatforms) = preSolution
		Debug|Any CPU = Debug|Any CPU
		Release|Any CPU = Release|Any CPU
	EndGlobalSection
	GlobalSection(ProjectConfigurationPlatforms) = postSolution
		{EA412218-D1DA-4CB9-9FBE-BF48DDBDE6F7}.Debug|Any CPU.ActiveCfg = Debug|Any CPU
		{EA412218-D1DA-4CB9-9FBE-BF48DDBDE6F7}.Debug|Any CPU.Build.0 = Debug|Any CPU
		{EA412218-D1DA-4CB9-9FBE-BF48DDBDE6F7}.Release|Any CPU.ActiveCfg = Release|Any CPU
		{EA412218-D1DA-4CB9-9FBE-BF48DDBDE6F7}.Release|Any CPU.Build.0 = Release|Any CPU
	EndGlobalSection
	GlobalSection(SolutionProperties) = preSolution
		HideSolutionNode = FALSE
	EndGlobalSection
	GlobalSection(ExtensibilityGlobals) = postSolution
		SolutionGuid = {1B8F38E4-6AE5-4052-A739-03364D5F4314}
	EndGlobalSection
EndGlobal
