
Microsoft Visual Studio Solution File, Format Version 12.00
# Visual Studio Version 17
VisualStudioVersion = 17.9.34616.47
MinimumVisualStudioVersion = 10.0.40219.1
Project("{FAE04EC0-301F-11D3-BF4B-00C04F79EFBC}") = "Exercício 11", "Exercício 11\Exercício 11.csproj", "{1E86BCA6-5CE4-4962-8C1C-9C38F3426A0F}"
EndProject
Global
	GlobalSection(SolutionConfigurationPlatforms) = preSolution
		Debug|Any CPU = Debug|Any CPU
		Release|Any CPU = Release|Any CPU
	EndGlobalSection
	GlobalSection(ProjectConfigurationPlatforms) = postSolution
		{1E86BCA6-5CE4-4962-8C1C-9C38F3426A0F}.Debug|Any CPU.ActiveCfg = Debug|Any CPU
		{1E86BCA6-5CE4-4962-8C1C-9C38F3426A0F}.Debug|Any CPU.Build.0 = Debug|Any CPU
		{1E86BCA6-5CE4-4962-8C1C-9C38F3426A0F}.Release|Any CPU.ActiveCfg = Release|Any CPU
		{1E86BCA6-5CE4-4962-8C1C-9C38F3426A0F}.Release|Any CPU.Build.0 = Release|Any CPU
	EndGlobalSection
	GlobalSection(SolutionProperties) = preSolution
		HideSolutionNode = FALSE
	EndGlobalSection
	GlobalSection(ExtensibilityGlobals) = postSolution
		SolutionGuid = {F39298BF-EC82-4C67-A731-CB034DEE6E1F}
	EndGlobalSection
EndGlobal
