
Microsoft Visual Studio Solution File, Format Version 12.00
# Visual Studio Version 16
VisualStudioVersion = 16.0.34301.259
MinimumVisualStudioVersion = 10.0.40219.1
Project("{FAE04EC0-301F-11D3-BF4B-00C04F79EFBC}") = "Exercício 6", "Exercício 6\Exercício 6.csproj", "{0559E201-B329-425F-BD42-C65300C3D99E}"
EndProject
Global
	GlobalSection(SolutionConfigurationPlatforms) = preSolution
		Debug|Any CPU = Debug|Any CPU
		Release|Any CPU = Release|Any CPU
	EndGlobalSection
	GlobalSection(ProjectConfigurationPlatforms) = postSolution
		{0559E201-B329-425F-BD42-C65300C3D99E}.Debug|Any CPU.ActiveCfg = Debug|Any CPU
		{0559E201-B329-425F-BD42-C65300C3D99E}.Debug|Any CPU.Build.0 = Debug|Any CPU
		{0559E201-B329-425F-BD42-C65300C3D99E}.Release|Any CPU.ActiveCfg = Release|Any CPU
		{0559E201-B329-425F-BD42-C65300C3D99E}.Release|Any CPU.Build.0 = Release|Any CPU
	EndGlobalSection
	GlobalSection(SolutionProperties) = preSolution
		HideSolutionNode = FALSE
	EndGlobalSection
	GlobalSection(ExtensibilityGlobals) = postSolution
		SolutionGuid = {F37868DF-3FBA-4329-B766-CB7EA30EC566}
	EndGlobalSection
EndGlobal
