
Microsoft Visual Studio Solution File, Format Version 12.00
# Visual Studio Version 17
VisualStudioVersion = 17.9.34616.47
MinimumVisualStudioVersion = 10.0.40219.1
Project("{FAE04EC0-301F-11D3-BF4B-00C04F79EFBC}") = "Exercício 13", "Exercício 13\Exercício 13.csproj", "{3FBB55B9-9E05-466E-9734-1C11630B4B4F}"
EndProject
Global
	GlobalSection(SolutionConfigurationPlatforms) = preSolution
		Debug|Any CPU = Debug|Any CPU
		Release|Any CPU = Release|Any CPU
	EndGlobalSection
	GlobalSection(ProjectConfigurationPlatforms) = postSolution
		{3FBB55B9-9E05-466E-9734-1C11630B4B4F}.Debug|Any CPU.ActiveCfg = Debug|Any CPU
		{3FBB55B9-9E05-466E-9734-1C11630B4B4F}.Debug|Any CPU.Build.0 = Debug|Any CPU
		{3FBB55B9-9E05-466E-9734-1C11630B4B4F}.Release|Any CPU.ActiveCfg = Release|Any CPU
		{3FBB55B9-9E05-466E-9734-1C11630B4B4F}.Release|Any CPU.Build.0 = Release|Any CPU
	EndGlobalSection
	GlobalSection(SolutionProperties) = preSolution
		HideSolutionNode = FALSE
	EndGlobalSection
	GlobalSection(ExtensibilityGlobals) = postSolution
		SolutionGuid = {21D4F5B7-9419-4075-9DC0-3B5784CDDB1D}
	EndGlobalSection
EndGlobal
