
Microsoft Visual Studio Solution File, Format Version 12.00
# Visual Studio Version 17
VisualStudioVersion = 17.9.34728.123
MinimumVisualStudioVersion = 10.0.40219.1
Project("{FAE04EC0-301F-11D3-BF4B-00C04F79EFBC}") = "Exercício 6", "Exercício 6\Exercício 6.csproj", "{F8B7C2B8-41B2-4C6C-97BB-9177CE0F4CDE}"
EndProject
Global
	GlobalSection(SolutionConfigurationPlatforms) = preSolution
		Debug|Any CPU = Debug|Any CPU
		Release|Any CPU = Release|Any CPU
	EndGlobalSection
	GlobalSection(ProjectConfigurationPlatforms) = postSolution
		{F8B7C2B8-41B2-4C6C-97BB-9177CE0F4CDE}.Debug|Any CPU.ActiveCfg = Debug|Any CPU
		{F8B7C2B8-41B2-4C6C-97BB-9177CE0F4CDE}.Debug|Any CPU.Build.0 = Debug|Any CPU
		{F8B7C2B8-41B2-4C6C-97BB-9177CE0F4CDE}.Release|Any CPU.ActiveCfg = Release|Any CPU
		{F8B7C2B8-41B2-4C6C-97BB-9177CE0F4CDE}.Release|Any CPU.Build.0 = Release|Any CPU
	EndGlobalSection
	GlobalSection(SolutionProperties) = preSolution
		HideSolutionNode = FALSE
	EndGlobalSection
	GlobalSection(ExtensibilityGlobals) = postSolution
		SolutionGuid = {F47CAB12-9A2E-4984-AB95-FBD071CF27ED}
	EndGlobalSection
EndGlobal
