
Microsoft Visual Studio Solution File, Format Version 12.00
# Visual Studio Version 16
VisualStudioVersion = 16.0.34301.259
MinimumVisualStudioVersion = 10.0.40219.1
Project("{FAE04EC0-301F-11D3-BF4B-00C04F79EFBC}") = "Exercício 7", "Exercício 6\Exercício 7.csproj", "{C776EDE4-38E0-4D55-86B2-DDA96085D001}"
EndProject
Global
	GlobalSection(SolutionConfigurationPlatforms) = preSolution
		Debug|Any CPU = Debug|Any CPU
		Release|Any CPU = Release|Any CPU
	EndGlobalSection
	GlobalSection(ProjectConfigurationPlatforms) = postSolution
		{C776EDE4-38E0-4D55-86B2-DDA96085D001}.Debug|Any CPU.ActiveCfg = Debug|Any CPU
		{C776EDE4-38E0-4D55-86B2-DDA96085D001}.Debug|Any CPU.Build.0 = Debug|Any CPU
		{C776EDE4-38E0-4D55-86B2-DDA96085D001}.Release|Any CPU.ActiveCfg = Release|Any CPU
		{C776EDE4-38E0-4D55-86B2-DDA96085D001}.Release|Any CPU.Build.0 = Release|Any CPU
	EndGlobalSection
	GlobalSection(SolutionProperties) = preSolution
		HideSolutionNode = FALSE
	EndGlobalSection
	GlobalSection(ExtensibilityGlobals) = postSolution
		SolutionGuid = {010F2C34-76AB-4473-A0AC-3D68A94658E9}
	EndGlobalSection
EndGlobal
